{
  "object": {
    "pins": [
      {
        "package": "SyntaxTree",
        "repositoryURL": "https://github.com/nerdsupremacist/SyntaxTree.git",
        "state": {
          "branch": null,
          "revision": "e05df57b9482e8122b99c59d6285c3e14ccb5b2b",
          "version": "0.1.0"
        }
      }
    ]
  },
  "version": 1
}
